
Microsoft Visual Studio Solution File, Format Version 11.00
# Visual Studio 2010
Project("{FAE04EC0-301F-11D3-BF4B-00C04F79EFBC}") = "PE10", "PE10\PE10.csproj", "{603E313F-A57A-4C47-82BC-45A51F07B6A1}"
EndProject
Global
	GlobalSection(SolutionConfigurationPlatforms) = preSolution
		Debug|Any CPU = Debug|Any CPU
		Release|Any CPU = Release|Any CPU
	EndGlobalSection
	GlobalSection(ProjectConfigurationPlatforms) = postSolution
		{603E313F-A57A-4C47-82BC-45A51F07B6A1}.Debug|Any CPU.ActiveCfg = Debug|Any CPU
		{603E313F-A57A-4C47-82BC-45A51F07B6A1}.Debug|Any CPU.Build.0 = Debug|Any CPU
		{603E313F-A57A-4C47-82BC-45A51F07B6A1}.Release|Any CPU.ActiveCfg = Release|Any CPU
		{603E313F-A57A-4C47-82BC-45A51F07B6A1}.Release|Any CPU.Build.0 = Release|Any CPU
	EndGlobalSection
	GlobalSection(SolutionProperties) = preSolution
		HideSolutionNode = FALSE
	EndGlobalSection
EndGlobal
