
Microsoft Visual Studio Solution File, Format Version 10.00
# Visual C# Express 2008
Project("{FAE04EC0-301F-11D3-BF4B-00C04F79EFBC}") = "PE6", "PE6\PE6.csproj", "{8D41914D-7A60-4C4F-BBC0-4E8E099ACDEC}"
EndProject
Global
	GlobalSection(SolutionConfigurationPlatforms) = preSolution
		Debug|Any CPU = Debug|Any CPU
		Release|Any CPU = Release|Any CPU
	EndGlobalSection
	GlobalSection(ProjectConfigurationPlatforms) = postSolution
		{8D41914D-7A60-4C4F-BBC0-4E8E099ACDEC}.Debug|Any CPU.ActiveCfg = Debug|Any CPU
		{8D41914D-7A60-4C4F-BBC0-4E8E099ACDEC}.Debug|Any CPU.Build.0 = Debug|Any CPU
		{8D41914D-7A60-4C4F-BBC0-4E8E099ACDEC}.Release|Any CPU.ActiveCfg = Release|Any CPU
		{8D41914D-7A60-4C4F-BBC0-4E8E099ACDEC}.Release|Any CPU.Build.0 = Release|Any CPU
	EndGlobalSection
	GlobalSection(SolutionProperties) = preSolution
		HideSolutionNode = FALSE
	EndGlobalSection
EndGlobal
