
Microsoft Visual Studio Solution File, Format Version 10.00
# Visual C# Express 2008
Project("{FAE04EC0-301F-11D3-BF4B-00C04F79EFBC}") = "PE11", "PE11\PE11.csproj", "{1263F41D-F74D-4524-8435-76C1794143EE}"
EndProject
Global
	GlobalSection(SolutionConfigurationPlatforms) = preSolution
		Debug|Any CPU = Debug|Any CPU
		Release|Any CPU = Release|Any CPU
	EndGlobalSection
	GlobalSection(ProjectConfigurationPlatforms) = postSolution
		{1263F41D-F74D-4524-8435-76C1794143EE}.Debug|Any CPU.ActiveCfg = Debug|Any CPU
		{1263F41D-F74D-4524-8435-76C1794143EE}.Debug|Any CPU.Build.0 = Debug|Any CPU
		{1263F41D-F74D-4524-8435-76C1794143EE}.Release|Any CPU.ActiveCfg = Release|Any CPU
		{1263F41D-F74D-4524-8435-76C1794143EE}.Release|Any CPU.Build.0 = Release|Any CPU
	EndGlobalSection
	GlobalSection(SolutionProperties) = preSolution
		HideSolutionNode = FALSE
	EndGlobalSection
EndGlobal
