
Microsoft Visual Studio Solution File, Format Version 10.00
# Visual C# Express 2008
Project("{FAE04EC0-301F-11D3-BF4B-00C04F79EFBC}") = "PE25", "PE25\PE25.csproj", "{0C58267B-B066-47DB-8701-D272450A5037}"
EndProject
Global
	GlobalSection(SolutionConfigurationPlatforms) = preSolution
		Debug|Any CPU = Debug|Any CPU
		Release|Any CPU = Release|Any CPU
	EndGlobalSection
	GlobalSection(ProjectConfigurationPlatforms) = postSolution
		{0C58267B-B066-47DB-8701-D272450A5037}.Debug|Any CPU.ActiveCfg = Debug|Any CPU
		{0C58267B-B066-47DB-8701-D272450A5037}.Debug|Any CPU.Build.0 = Debug|Any CPU
		{0C58267B-B066-47DB-8701-D272450A5037}.Release|Any CPU.ActiveCfg = Release|Any CPU
		{0C58267B-B066-47DB-8701-D272450A5037}.Release|Any CPU.Build.0 = Release|Any CPU
	EndGlobalSection
	GlobalSection(SolutionProperties) = preSolution
		HideSolutionNode = FALSE
	EndGlobalSection
EndGlobal
