
Microsoft Visual Studio Solution File, Format Version 10.00
# Visual C# Express 2008
Project("{FAE04EC0-301F-11D3-BF4B-00C04F79EFBC}") = "PE20", "PE20\PE20.csproj", "{F03E2478-1B5F-4851-8624-ECB38A09CC57}"
EndProject
Global
	GlobalSection(SolutionConfigurationPlatforms) = preSolution
		Debug|Any CPU = Debug|Any CPU
		Release|Any CPU = Release|Any CPU
	EndGlobalSection
	GlobalSection(ProjectConfigurationPlatforms) = postSolution
		{F03E2478-1B5F-4851-8624-ECB38A09CC57}.Debug|Any CPU.ActiveCfg = Debug|Any CPU
		{F03E2478-1B5F-4851-8624-ECB38A09CC57}.Debug|Any CPU.Build.0 = Debug|Any CPU
		{F03E2478-1B5F-4851-8624-ECB38A09CC57}.Release|Any CPU.ActiveCfg = Release|Any CPU
		{F03E2478-1B5F-4851-8624-ECB38A09CC57}.Release|Any CPU.Build.0 = Release|Any CPU
	EndGlobalSection
	GlobalSection(SolutionProperties) = preSolution
		HideSolutionNode = FALSE
	EndGlobalSection
EndGlobal
