
Microsoft Visual Studio Solution File, Format Version 11.00
# Visual Studio 2010
Project("{FAE04EC0-301F-11D3-BF4B-00C04F79EFBC}") = "PE16", "PE16\PE16.csproj", "{61BCA3FD-362D-4148-A5E7-C3C2C8B4F566}"
EndProject
Global
	GlobalSection(SolutionConfigurationPlatforms) = preSolution
		Debug|Any CPU = Debug|Any CPU
		Release|Any CPU = Release|Any CPU
	EndGlobalSection
	GlobalSection(ProjectConfigurationPlatforms) = postSolution
		{61BCA3FD-362D-4148-A5E7-C3C2C8B4F566}.Debug|Any CPU.ActiveCfg = Debug|Any CPU
		{61BCA3FD-362D-4148-A5E7-C3C2C8B4F566}.Debug|Any CPU.Build.0 = Debug|Any CPU
		{61BCA3FD-362D-4148-A5E7-C3C2C8B4F566}.Release|Any CPU.ActiveCfg = Release|Any CPU
		{61BCA3FD-362D-4148-A5E7-C3C2C8B4F566}.Release|Any CPU.Build.0 = Release|Any CPU
	EndGlobalSection
	GlobalSection(SolutionProperties) = preSolution
		HideSolutionNode = FALSE
	EndGlobalSection
EndGlobal
